// !$*UTF8*$!
{
	archiveVersion = 1;
	classes = {
	};
	objectVersion = 46;
	objects = {

/* Begin PBXBuildFile section */
		3E96A1E21C26C2A30055273B /* X.png in Resources */ = {isa = PBXBuildFile; fileRef = 3E96A1E11C26C2A30055273B /* X.png */; };
		3E96A1E61C2825580055273B /* ISImageViewerDelegate.swift in Sources */ = {isa = PBXBuildFile; fileRef = 3E96A1E51C2825580055273B /* ISImageViewerDelegate.swift */; };
		3ECE6A401C22C90300790D7A /* AppDelegate.swift in Sources */ = {isa = PBXBuildFile; fileRef = 3ECE6A3F1C22C90300790D7A /* AppDelegate.swift */; };
		3ECE6A421C22C90300790D7A /* ISImageViewerDemo.swift in Sources */ = {isa = PBXBuildFile; fileRef = 3ECE6A411C22C90300790D7A /* ISImageViewerDemo.swift */; };
		3ECE6A451C22C90300790D7A /* Main.storyboard in Resources */ = {isa = PBXBuildFile; fileRef = 3ECE6A431C22C90300790D7A /* Main.storyboard */; };
		3ECE6A471C22C90300790D7A /* Assets.xcassets in Resources */ = {isa = PBXBuildFile; fileRef = 3ECE6A461C22C90300790D7A /* Assets.xcassets */; };
		3ECE6A4A1C22C90300790D7A /* LaunchScreen.storyboard in Resources */ = {isa = PBXBuildFile; fileRef = 3ECE6A481C22C90300790D7A /* LaunchScreen.storyboard */; };
		3ECE6A541C22C9B100790D7A /* ISImageViewer.swift in Sources */ = {isa = PBXBuildFile; fileRef = 3ECE6A531C22C9B100790D7A /* ISImageViewer.swift */; };
/* End PBXBuildFile section */

/* Begin PBXFileReference section */
		3E96A1E11C26C2A30055273B /* X.png */ = {isa = PBXFileReference; lastKnownFileType = image.png; path = X.png; sourceTree = "<group>"; };
		3E96A1E51C2825580055273B /* ISImageViewerDelegate.swift */ = {isa = PBXFileReference; fileEncoding = 4; lastKnownFileType = sourcecode.swift; path = ISImageViewerDelegate.swift; sourceTree = "<group>"; };
		3ECE6A3C1C22C90300790D7A /* ISImageViewer.app */ = {isa = PBXFileReference; explicitFileType = wrapper.application; includeInIndex = 0; path = ISImageViewer.app; sourceTree = BUILT_PRODUCTS_DIR; };
		3ECE6A3F1C22C90300790D7A /* AppDelegate.swift */ = {isa = PBXFileReference; lastKnownFileType = sourcecode.swift; path = AppDelegate.swift; sourceTree = "<group>"; };
		3ECE6A411C22C90300790D7A /* ISImageViewerDemo.swift */ = {isa = PBXFileReference; lastKnownFileType = sourcecode.swift; path = ISImageViewerDemo.swift; sourceTree = "<group>"; };
		3ECE6A441C22C90300790D7A /* Base */ = {isa = PBXFileReference; lastKnownFileType = file.storyboard; name = Base; path = Base.lproj/Main.storyboard; sourceTree = "<group>"; };
		3ECE6A461C22C90300790D7A /* Assets.xcassets */ = {isa = PBXFileReference; lastKnownFileType = folder.assetcatalog; path = Assets.xcassets; sourceTree = "<group>"; };
		3ECE6A491C22C90300790D7A /* Base */ = {isa = PBXFileReference; lastKnownFileType = file.storyboard; name = Base; path = Base.lproj/LaunchScreen.storyboard; sourceTree = "<group>"; };
		3ECE6A4B1C22C90300790D7A /* Info.plist */ = {isa = PBXFileReference; lastKnownFileType = text.plist.xml; path = Info.plist; sourceTree = "<group>"; };
		3ECE6A531C22C9B100790D7A /* ISImageViewer.swift */ = {isa = PBXFileReference; fileEncoding = 4; lastKnownFileType = sourcecode.swift; path = ISImageViewer.swift; sourceTree = "<group>"; };
/* End PBXFileReference section */

/* Begin PBXFrameworksBuildPhase section */
		3ECE6A391C22C90300790D7A /* Frameworks */ = {
			isa = PBXFrameworksBuildPhase;
			buildActionMask = 2147483647;
			files = (
			);
			runOnlyForDeploymentPostprocessing = 0;
		};
/* End PBXFrameworksBuildPhase section */

/* Begin PBXGroup section */
		3ECE6A331C22C90300790D7A = {
			isa = PBXGroup;
			children = (
				3ECE6A3E1C22C90300790D7A /* ISImageViewer */,
				3ECE6A3D1C22C90300790D7A /* Products */,
			);
			sourceTree = "<group>";
		};
		3ECE6A3D1C22C90300790D7A /* Products */ = {
			isa = PBXGroup;
			children = (
				3ECE6A3C1C22C90300790D7A /* ISImageViewer.app */,
			);
			name = Products;
			sourceTree = "<group>";
		};
		3ECE6A3E1C22C90300790D7A /* ISImageViewer */ = {
			isa = PBXGroup;
			children = (
				3ECE6A521C22C9A000790D7A /* ISImageViewer */,
				3ECE6A3F1C22C90300790D7A /* AppDelegate.swift */,
				3ECE6A411C22C90300790D7A /* ISImageViewerDemo.swift */,
				3ECE6A431C22C90300790D7A /* Main.storyboard */,
				3ECE6A461C22C90300790D7A /* Assets.xcassets */,
				3ECE6A481C22C90300790D7A /* LaunchScreen.storyboard */,
				3ECE6A4B1C22C90300790D7A /* Info.plist */,
			);
			path = ISImageViewer;
			sourceTree = "<group>";
		};
		3ECE6A521C22C9A000790D7A /* ISImageViewer */ = {
			isa = PBXGroup;
			children = (
				3E96A1E11C26C2A30055273B /* X.png */,
				3ECE6A531C22C9B100790D7A /* ISImageViewer.swift */,
				3E96A1E51C2825580055273B /* ISImageViewerDelegate.swift */,
			);
			path = ISImageViewer;
			sourceTree = "<group>";
		};
/* End PBXGroup section */

/* Begin PBXNativeTarget section */
		3ECE6A3B1C22C90300790D7A /* ISImageViewer */ = {
			isa = PBXNativeTarget;
			buildConfigurationList = 3ECE6A4E1C22C90300790D7A /* Build configuration list for PBXNativeTarget "ISImageViewer" */;
			buildPhases = (
				3ECE6A381C22C90300790D7A /* Sources */,
				3ECE6A391C22C90300790D7A /* Frameworks */,
				3ECE6A3A1C22C90300790D7A /* Resources */,
			);
			buildRules = (
			);
			dependencies = (
			);
			name = ISImageViewer;
			productName = ISImageViewer;
			productReference = 3ECE6A3C1C22C90300790D7A /* ISImageViewer.app */;
			productType = "com.apple.product-type.application";
		};
/* End PBXNativeTarget section */

/* Begin PBXProject section */
		3ECE6A341C22C90300790D7A /* Project object */ = {
			isa = PBXProject;
			attributes = {
				LastSwiftUpdateCheck = 0710;
				LastUpgradeCheck = 0710;
				ORGANIZATIONNAME = IgorSokolovsky;
				TargetAttributes = {
					3ECE6A3B1C22C90300790D7A = {
						CreatedOnToolsVersion = 7.1.1;
					};
				};
			};
			buildConfigurationList = 3ECE6A371C22C90300790D7A /* Build configuration list for PBXProject "ISImageViewer" */;
			compatibilityVersion = "Xcode 3.2";
			developmentRegion = English;
			hasScannedForEncodings = 0;
			knownRegions = (
				en,
				Base,
			);
			mainGroup = 3ECE6A331C22C90300790D7A;
			productRefGroup = 3ECE6A3D1C22C90300790D7A /* Products */;
			projectDirPath = "";
			projectRoot = "";
			targets = (
				3ECE6A3B1C22C90300790D7A /* ISImageViewer */,
			);
		};
/* End PBXProject section */

/* Begin PBXResourcesBuildPhase section */
		3ECE6A3A1C22C90300790D7A /* Resources */ = {
			isa = PBXResourcesBuildPhase;
			buildActionMask = 2147483647;
			files = (
				3ECE6A4A1C22C90300790D7A /* LaunchScreen.storyboard in Resources */,
				3ECE6A471C22C90300790D7A /* Assets.xcassets in Resources */,
				3E96A1E21C26C2A30055273B /* X.png in Resources */,
				3ECE6A451C22C90300790D7A /* Main.storyboard in Resources */,
			);
			runOnlyForDeploymentPostprocessing = 0;
		};
/* End PBXResourcesBuildPhase section */

/* Begin PBXSourcesBuildPhase section */
		3ECE6A381C22C90300790D7A /* Sources */ = {
			isa = PBXSourcesBuildPhase;
			buildActionMask = 2147483647;
			files = (
				3ECE6A421C22C90300790D7A /* ISImageViewerDemo.swift in Sources */,
				3E96A1E61C2825580055273B /* ISImageViewerDelegate.swift in Sources */,
				3ECE6A541C22C9B100790D7A /* ISImageViewer.swift in Sources */,
				3ECE6A401C22C90300790D7A /* AppDelegate.swift in Sources */,
			);
			runOnlyForDeploymentPostprocessing = 0;
		};
/* End PBXSourcesBuildPhase section */

/* Begin PBXVariantGroup section */
		3ECE6A431C22C90300790D7A /* Main.storyboard */ = {
			isa = PBXVariantGroup;
			children = (
				3ECE6A441C22C90300790D7A /* Base */,
			);
			name = Main.storyboard;
			sourceTree = "<group>";
		};
		3ECE6A481C22C90300790D7A /* LaunchScreen.storyboard */ = {
			isa = PBXVariantGroup;
			children = (
				3ECE6A491C22C90300790D7A /* Base */,
			);
			name = LaunchScreen.storyboard;
			sourceTree = "<group>";
		};
/* End PBXVariantGroup section */

/* Begin XCBuildConfiguration section */
		3ECE6A4C1C22C90300790D7A /* Debug */ = {
			isa = XCBuildConfiguration;
			buildSettings = {
				ALWAYS_SEARCH_USER_PATHS = NO;
				CLANG_CXX_LANGUAGE_STANDARD = "gnu++0x";
				CLANG_CXX_LIBRARY = "libc++";
				CLANG_ENABLE_MODULES = YES;
				CLANG_ENABLE_OBJC_ARC = YES;
				CLANG_WARN_BOOL_CONVERSION = YES;
				CLANG_WARN_CONSTANT_CONVERSION = YES;
				CLANG_WARN_DIRECT_OBJC_ISA_USAGE = YES_ERROR;
				CLANG_WARN_EMPTY_BODY = YES;
				CLANG_WARN_ENUM_CONVERSION = YES;
				CLANG_WARN_INT_CONVERSION = YES;
				CLANG_WARN_OBJC_ROOT_CLASS = YES_ERROR;
				CLANG_WARN_UNREACHABLE_CODE = YES;
				CLANG_WARN__DUPLICATE_METHOD_MATCH = YES;
				"CODE_SIGN_IDENTITY[sdk=iphoneos*]" = "iPhone Developer";
				COPY_PHASE_STRIP = NO;
				DEBUG_INFORMATION_FORMAT = dwarf;
				ENABLE_STRICT_OBJC_MSGSEND = YES;
				ENABLE_TESTABILITY = YES;
				GCC_C_LANGUAGE_STANDARD = gnu99;
				GCC_DYNAMIC_NO_PIC = NO;
				GCC_NO_COMMON_BLOCKS = YES;
				GCC_OPTIMIZATION_LEVEL = 0;
				GCC_PREPROCESSOR_DEFINITIONS = (
					"DEBUG=1",
					"$(inherited)",
				);
				GCC_WARN_64_TO_32_BIT_CONVERSION = YES;
				GCC_WARN_ABOUT_RETURN_TYPE = YES_ERROR;
				GCC_WARN_UNDECLARED_SELECTOR = YES;
				GCC_WARN_UNINITIALIZED_AUTOS = YES_AGGRESSIVE;
				GCC_WARN_UNUSED_FUNCTION = YES;
				GCC_WARN_UNUSED_VARIABLE = YES;
				IPHONEOS_DEPLOYMENT_TARGET = 9.0;
				MTL_ENABLE_DEBUG_INFO = YES;
				ONLY_ACTIVE_ARCH = YES;
				SDKROOT = iphoneos;
				SWIFT_OPTIMIZATION_LEVEL = "-Onone";
			};
			name = Debug;
		};
		3ECE6A4D1C22C90300790D7A /* Release */ = {
			isa = XCBuildConfiguration;
			buildSettings = {
				ALWAYS_SEARCH_USER_PATHS = NO;
				CLANG_CXX_LANGUAGE_STANDARD = "gnu++0x";
				CLANG_CXX_LIBRARY = "libc++";
				CLANG_ENABLE_MODULES = YES;
				CLANG_ENABLE_OBJC_ARC = YES;
				CLANG_WARN_BOOL_CONVERSION = YES;
				CLANG_WARN_CONSTANT_CONVERSION = YES;
				CLANG_WARN_DIRECT_OBJC_ISA_USAGE = YES_ERROR;
				CLANG_WARN_EMPTY_BODY = YES;
				CLANG_WARN_ENUM_CONVERSION = YES;
				CLANG_WARN_INT_CONVERSION = YES;
				CLANG_WARN_OBJC_ROOT_CLASS = YES_ERROR;
				CLANG_WARN_UNREACHABLE_CODE = YES;
				CLANG_WARN__DUPLICATE_METHOD_MATCH = YES;
				"CODE_SIGN_IDENTITY[sdk=iphoneos*]" = "iPhone Developer";
				COPY_PHASE_STRIP = NO;
				DEBUG_INFORMATION_FORMAT = "dwarf-with-dsym";
				ENABLE_NS_ASSERTIONS = NO;
				ENABLE_STRICT_OBJC_MSGSEND = YES;
				GCC_C_LANGUAGE_STANDARD = gnu99;
				GCC_NO_COMMON_BLOCKS = YES;
				GCC_WARN_64_TO_32_BIT_CONVERSION = YES;
				GCC_WARN_ABOUT_RETURN_TYPE = YES_ERROR;
				GCC_WARN_UNDECLARED_SELECTOR = YES;
				GCC_WARN_UNINITIALIZED_AUTOS = YES_AGGRESSIVE;
				GCC_WARN_UNUSED_FUNCTION = YES;
				GCC_WARN_UNUSED_VARIABLE = YES;
				IPHONEOS_DEPLOYMENT_TARGET = 9.0;
				MTL_ENABLE_DEBUG_INFO = NO;
				SDKROOT = iphoneos;
				VALIDATE_PRODUCT = YES;
			};
			name = Release;
		};
		3ECE6A4F1C22C90300790D7A /* Debug */ = {
			isa = XCBuildConfiguration;
			buildSettings = {
				ASSETCATALOG_COMPILER_APPICON_NAME = AppIcon;
				INFOPLIST_FILE = ISImageViewer/Info.plist;
				LD_RUNPATH_SEARCH_PATHS = "$(inherited) @executable_path/Frameworks";
				PRODUCT_BUNDLE_IDENTIFIER = com.IgorSokolovsky.ISImageViewer;
				PRODUCT_NAME = "$(TARGET_NAME)";
			};
			name = Debug;
		};
		3ECE6A501C22C90300790D7A /* Release */ = {
			isa = XCBuildConfiguration;
			buildSettings = {
				ASSETCATALOG_COMPILER_APPICON_NAME = AppIcon;
				INFOPLIST_FILE = ISImageViewer/Info.plist;
				LD_RUNPATH_SEARCH_PATHS = "$(inherited) @executable_path/Frameworks";
				PRODUCT_BUNDLE_IDENTIFIER = com.IgorSokolovsky.ISImageViewer;
				PRODUCT_NAME = "$(TARGET_NAME)";
			};
			name = Release;
		};
/* End XCBuildConfiguration section */

/* Begin XCConfigurationList section */
		3ECE6A371C22C90300790D7A /* Build configuration list for PBXProject "ISImageViewer" */ = {
			isa = XCConfigurationList;
			buildConfigurations = (
				3ECE6A4C1C22C90300790D7A /* Debug */,
				3ECE6A4D1C22C90300790D7A /* Release */,
			);
			defaultConfigurationIsVisible = 0;
			defaultConfigurationName = Release;
		};
		3ECE6A4E1C22C90300790D7A /* Build configuration list for PBXNativeTarget "ISImageViewer" */ = {
			isa = XCConfigurationList;
			buildConfigurations = (
				3ECE6A4F1C22C90300790D7A /* Debug */,
				3ECE6A501C22C90300790D7A /* Release */,
			);
			defaultConfigurationIsVisible = 0;
			defaultConfigurationName = Release;
		};
/* End XCConfigurationList section */
	};
	rootObject = 3ECE6A341C22C90300790D7A /* Project object */;
}
